// !$*UTF8*$!
{
	archiveVersion = 1;
	classes = {
	};
	objectVersion = 56;
	objects = {

/* Begin PBXBuildFile section */
		A1 /* FluxNewsApp.swift in Sources */ = {isa = PBXBuildFile; fileRef = B1 /* FluxNewsApp.swift */; };
		A10 /* FluxNews/ArticleListView.swift in Sources */ = {isa = PBXBuildFile; fileRef = B12 /* FluxNews/ArticleListView.swift */; };
		A11 /* FluxNews/NewsNavigationView.swift in Sources */ = {isa = PBXBuildFile; fileRef = B13 /* FluxNews/NewsNavigationView.swift */; };
		A12 /* FluxNews/DeveloperDiagnosticsView.swift in Sources */ = {isa = PBXBuildFile; fileRef = B14 /* FluxNews/DeveloperDiagnosticsView.swift */; };
		A13 /* FluxNewsTests/NewsreaderPresentationTests.swift in Sources */ = {isa = PBXBuildFile; fileRef = B15 /* FluxNewsTests/NewsreaderPresentationTests.swift */; };
		A14 /* FluxNewsTests/NewsreaderD23MutationTests.swift in Sources */ = {isa = PBXBuildFile; fileRef = B16 /* FluxNewsTests/NewsreaderD23MutationTests.swift */; };
		A2 /* CoreBootstrapper.swift in Sources */ = {isa = PBXBuildFile; fileRef = B2 /* CoreBootstrapper.swift */; };
		A3 /* ContentView.swift in Sources */ = {isa = PBXBuildFile; fileRef = B3 /* ContentView.swift */; };
		A4 /* flux_uniffi.swift in Sources */ = {isa = PBXBuildFile; fileRef = B4 /* flux_uniffi.swift */; };
		A5 /* LegacyStateDiscovery.swift in Sources */ = {isa = PBXBuildFile; fileRef = B5 /* LegacyStateDiscovery.swift */; };
		A6 /* FluxNewsTests/LegacyStateDiscoveryTests.swift in Sources */ = {isa = PBXBuildFile; fileRef = B8 /* FluxNewsTests/LegacyStateDiscoveryTests.swift */; };
		A7 /* ../shared/FluxApple/BrowserPresentation.swift in Sources */ = {isa = PBXBuildFile; fileRef = B9 /* ../shared/FluxApple/BrowserPresentation.swift */; };
		A8 /* ../shared/FluxApple/ScrolloverPresentation.swift in Sources */ = {isa = PBXBuildFile; fileRef = B10 /* ../shared/FluxApple/ScrolloverPresentation.swift */; };
		A9 /* FluxNews/NewsreaderStore.swift in Sources */ = {isa = PBXBuildFile; fileRef = B11 /* FluxNews/NewsreaderStore.swift */; };
		E17F743830471E2D00698DA5 /* AppIcon.icon in Resources */ = {isa = PBXBuildFile; fileRef = E17F743730471E2D00698DA5 /* AppIcon.icon */; };
		E17F744030471E2D00698DA5 /* FluxUniFFI.xcframework in Frameworks */ = {isa = PBXBuildFile; fileRef = E17F743F30471E2D00698DA5 /* FluxUniFFI.xcframework */; };
		E17F744130471E2D00698DA5 /* FluxUniFFI.xcframework in Embed Frameworks */ = {isa = PBXBuildFile; fileRef = E17F743F30471E2D00698DA5 /* FluxUniFFI.xcframework */; settings = {ATTRIBUTES = (CodeSignOnCopy, RemoveHeadersOnCopy, ); }; };
/* End PBXBuildFile section */

/* Begin PBXContainerItemProxy section */
		X1 /* PBXContainerItemProxy */ = {
			isa = PBXContainerItemProxy;
			containerPortal = PR1 /* Project object */;
			proxyType = 1;
			remoteGlobalIDString = T1;
			remoteInfo = FluxNews;
		};
/* End PBXContainerItemProxy section */

/* Begin PBXCopyFilesBuildPhase section */
		E17F744230471E2D00698DA5 /* Embed Frameworks */ = {
			isa = PBXCopyFilesBuildPhase;
			buildActionMask = 2147483647;
			dstPath = "";
			dstSubfolderSpec = 10;
			files = (
				E17F744130471E2D00698DA5 /* FluxUniFFI.xcframework in Embed Frameworks */,
			);
			name = "Embed Frameworks";
			runOnlyForDeploymentPostprocessing = 0;
		};
/* End PBXCopyFilesBuildPhase section */

/* Begin PBXFileReference section */
		B1 /* FluxNewsApp.swift */ = {isa = PBXFileReference; lastKnownFileType = sourcecode.swift; path = FluxNewsApp.swift; sourceTree = "<group>"; };
		B10 /* ../shared/FluxApple/ScrolloverPresentation.swift */ = {isa = PBXFileReference; lastKnownFileType = sourcecode.swift; path = ../shared/FluxApple/ScrolloverPresentation.swift; sourceTree = "<group>"; };
		B11 /* FluxNews/NewsreaderStore.swift */ = {isa = PBXFileReference; lastKnownFileType = sourcecode.swift; path = FluxNews/NewsreaderStore.swift; sourceTree = "<group>"; };
		B12 /* FluxNews/ArticleListView.swift */ = {isa = PBXFileReference; lastKnownFileType = sourcecode.swift; path = FluxNews/ArticleListView.swift; sourceTree = "<group>"; };
		B13 /* FluxNews/NewsNavigationView.swift */ = {isa = PBXFileReference; lastKnownFileType = sourcecode.swift; path = FluxNews/NewsNavigationView.swift; sourceTree = "<group>"; };
		B14 /* FluxNews/DeveloperDiagnosticsView.swift */ = {isa = PBXFileReference; lastKnownFileType = sourcecode.swift; path = FluxNews/DeveloperDiagnosticsView.swift; sourceTree = "<group>"; };
		B15 /* FluxNewsTests/NewsreaderPresentationTests.swift */ = {isa = PBXFileReference; lastKnownFileType = sourcecode.swift; path = FluxNewsTests/NewsreaderPresentationTests.swift; sourceTree = "<group>"; };
		B16 /* FluxNewsTests/NewsreaderD23MutationTests.swift */ = {isa = PBXFileReference; lastKnownFileType = sourcecode.swift; path = FluxNewsTests/NewsreaderD23MutationTests.swift; sourceTree = "<group>"; };
		B2 /* CoreBootstrapper.swift */ = {isa = PBXFileReference; lastKnownFileType = sourcecode.swift; path = CoreBootstrapper.swift; sourceTree = "<group>"; };
		B3 /* ContentView.swift */ = {isa = PBXFileReference; lastKnownFileType = sourcecode.swift; path = ContentView.swift; sourceTree = "<group>"; };
		B4 /* flux_uniffi.swift */ = {isa = PBXFileReference; lastKnownFileType = sourcecode.swift; name = flux_uniffi.swift; path = ../Build/Products/FluxUniFFI/Sources/flux_uniffi.swift; sourceTree = "<group>"; };
		B5 /* LegacyStateDiscovery.swift */ = {isa = PBXFileReference; lastKnownFileType = sourcecode.swift; path = LegacyStateDiscovery.swift; sourceTree = "<group>"; };
		B6 /* Info.plist */ = {isa = PBXFileReference; lastKnownFileType = text.plist.xml; path = Info.plist; sourceTree = "<group>"; };
		B7 /* FluxNewsUpgradeTest.entitlements */ = {isa = PBXFileReference; lastKnownFileType = text.plist.entitlements; path = FluxNewsUpgradeTest.entitlements; sourceTree = "<group>"; };
		B8 /* FluxNewsTests/LegacyStateDiscoveryTests.swift */ = {isa = PBXFileReference; lastKnownFileType = sourcecode.swift; path = FluxNewsTests/LegacyStateDiscoveryTests.swift; sourceTree = "<group>"; };
		B9 /* ../shared/FluxApple/BrowserPresentation.swift */ = {isa = PBXFileReference; lastKnownFileType = sourcecode.swift; path = ../shared/FluxApple/BrowserPresentation.swift; sourceTree = "<group>"; };
		E17F743330471C1900698DA5 /* FluxNewsTests.xctest */ = {isa = PBXFileReference; explicitFileType = wrapper.cfbundle; includeInIndex = 0; path = FluxNewsTests.xctest; sourceTree = BUILT_PRODUCTS_DIR; };
		E17F743730471E2D00698DA5 /* AppIcon.icon */ = {isa = PBXFileReference; lastKnownFileType = folder.iconcomposer.icon; path = AppIcon.icon; sourceTree = "<group>"; };
		E17F743F30471E2D00698DA5 /* FluxUniFFI.xcframework */ = {isa = PBXFileReference; lastKnownFileType = wrapper.xcframework; name = FluxUniFFI.xcframework; path = ../Build/Products/FluxUniFFI/FluxUniFFI.xcframework; sourceTree = "<group>"; };
		P1 /* FluxNews.app */ = {isa = PBXFileReference; explicitFileType = wrapper.application; includeInIndex = 0; path = FluxNews.app; sourceTree = BUILT_PRODUCTS_DIR; };
/* End PBXFileReference section */

/* Begin PBXFrameworksBuildPhase section */
		F1 /* Frameworks */ = {
			isa = PBXFrameworksBuildPhase;
			buildActionMask = 2147483647;
			files = (
				E17F744030471E2D00698DA5 /* FluxUniFFI.xcframework in Frameworks */,
			);
			runOnlyForDeploymentPostprocessing = 0;
		};
		F2 /* Frameworks */ = {
			isa = PBXFrameworksBuildPhase;
			buildActionMask = 2147483647;
			files = (
			);
			runOnlyForDeploymentPostprocessing = 0;
		};
/* End PBXFrameworksBuildPhase section */

/* Begin PBXGroup section */
		E17F743230471C1900698DA5 /* Recovered References */ = {
			isa = PBXGroup;
			children = (
				B8 /* FluxNewsTests/LegacyStateDiscoveryTests.swift */,
			);
			name = "Recovered References";
			sourceTree = "<group>";
		};
		G1 = {
			isa = PBXGroup;
			children = (
				G2 /* FluxNews */,
				G3 /* FluxNews */,
				B4 /* flux_uniffi.swift */,
				B9 /* ../shared/FluxApple/BrowserPresentation.swift */,
				B10 /* ../shared/FluxApple/ScrolloverPresentation.swift */,
				B11 /* FluxNews/NewsreaderStore.swift */,
				B12 /* FluxNews/ArticleListView.swift */,
				B13 /* FluxNews/NewsNavigationView.swift */,
				B14 /* FluxNews/DeveloperDiagnosticsView.swift */,
				B15 /* FluxNewsTests/NewsreaderPresentationTests.swift */,
				B16 /* FluxNewsTests/NewsreaderD23MutationTests.swift */,
				E17F743F30471E2D00698DA5 /* FluxUniFFI.xcframework */,
				E17F743230471C1900698DA5 /* Recovered References */,
			);
			sourceTree = "<group>";
		};
		G2 /* FluxNews */ = {
			isa = PBXGroup;
			children = (
				E17F743730471E2D00698DA5 /* AppIcon.icon */,
				B1 /* FluxNewsApp.swift */,
				B2 /* CoreBootstrapper.swift */,
				B3 /* ContentView.swift */,
				B5 /* LegacyStateDiscovery.swift */,
			);
			path = FluxNews;
			sourceTree = "<group>";
		};
		G3 /* FluxNews */ = {
			isa = PBXGroup;
			children = (
				B6 /* Info.plist */,
				B7 /* FluxNewsUpgradeTest.entitlements */,
			);
			path = FluxNews;
			sourceTree = "<group>";
		};
		G4 /* Products */ = {
			isa = PBXGroup;
			children = (
				P1 /* FluxNews.app */,
				E17F743330471C1900698DA5 /* FluxNewsTests.xctest */,
			);
			name = Products;
			sourceTree = "<group>";
		};
/* End PBXGroup section */

/* Begin PBXNativeTarget section */
		T1 /* FluxNews */ = {
			isa = PBXNativeTarget;
			buildConfigurationList = L1 /* Build configuration list for PBXNativeTarget "FluxNews" */;
			buildPhases = (
				S0 /* Prepare Flux UniFFI */,
				S1 /* Sources */,
				F1 /* Frameworks */,
				E17F744230471E2D00698DA5 /* Embed Frameworks */,
				E17F743930471E2D00698DA5 /* Resources */,
			);
			buildRules = (
			);
			dependencies = (
			);
			name = FluxNews;
			productName = FluxNews;
			productReference = P1 /* FluxNews.app */;
			productType = "com.apple.product-type.application";
		};
		T2 /* FluxNewsTests */ = {
			isa = PBXNativeTarget;
			buildConfigurationList = L3 /* Build configuration list for PBXNativeTarget "FluxNewsTests" */;
			buildPhases = (
				S2 /* Sources */,
				F2 /* Frameworks */,
			);
			buildRules = (
			);
			dependencies = (
				X2 /* PBXTargetDependency */,
			);
			name = FluxNewsTests;
			productName = FluxNewsTests;
			productReference = E17F743330471C1900698DA5 /* FluxNewsTests.xctest */;
			productType = "com.apple.product-type.bundle.unit-test";
		};
/* End PBXNativeTarget section */

/* Begin PBXProject section */
		PR1 /* Project object */ = {
			isa = PBXProject;
			attributes = {
				LastUpgradeCheck = 2660;
				TargetAttributes = {
					T1 = {
						CreatedOnToolsVersion = 26.6;
					};
				};
			};
			buildConfigurationList = L2 /* Build configuration list for PBXProject "FluxNews" */;
			compatibilityVersion = "Xcode 14.0";
			developmentRegion = en;
			hasScannedForEncodings = 0;
			knownRegions = (
				en,
				Base,
			);
			mainGroup = G1;
			productRefGroup = G4 /* Products */;
			projectDirPath = "";
			projectRoot = "";
			targets = (
				T1 /* FluxNews */,
				T2 /* FluxNewsTests */,
			);
		};
/* End PBXProject section */

/* Begin PBXResourcesBuildPhase section */
		E17F743930471E2D00698DA5 /* Resources */ = {
			isa = PBXResourcesBuildPhase;
			buildActionMask = 2147483647;
			files = (
				E17F743830471E2D00698DA5 /* AppIcon.icon in Resources */,
			);
			runOnlyForDeploymentPostprocessing = 0;
		};
/* End PBXResourcesBuildPhase section */

/* Begin PBXShellScriptBuildPhase section */
		S0 /* Prepare Flux UniFFI */ = {
			isa = PBXShellScriptBuildPhase;
			buildActionMask = 2147483647;
			files = (
			);
			inputPaths = (
				"$(SRCROOT)/../Build/Products/FluxUniFFI/FluxUniFFI.xcframework/Info.plist",
				"$(SRCROOT)/../Build/Products/FluxUniFFI/Sources/flux_uniffi.swift",
			);
			name = "Prepare Flux UniFFI";
			outputPaths = (
			);
			runOnlyForDeploymentPostprocessing = 0;
			shellPath = /bin/bash;
			shellScript = "set -euo pipefail\npackage=\"${SRCROOT}/../Build/Products/FluxUniFFI\"\nif [[ ! -d \"${package}/FluxUniFFI.xcframework\" ]]; then\n  bash \"${SRCROOT}/../Build/build-uniffi.sh\"\nfi\n";
		};
/* End PBXShellScriptBuildPhase section */

/* Begin PBXSourcesBuildPhase section */
		S1 /* Sources */ = {
			isa = PBXSourcesBuildPhase;
			buildActionMask = 2147483647;
			files = (
				A1 /* FluxNewsApp.swift in Sources */,
				A2 /* CoreBootstrapper.swift in Sources */,
				A3 /* ContentView.swift in Sources */,
				A4 /* flux_uniffi.swift in Sources */,
				A5 /* LegacyStateDiscovery.swift in Sources */,
				A7 /* ../shared/FluxApple/BrowserPresentation.swift in Sources */,
				A8 /* ../shared/FluxApple/ScrolloverPresentation.swift in Sources */,
				A9 /* FluxNews/NewsreaderStore.swift in Sources */,
				A10 /* FluxNews/ArticleListView.swift in Sources */,
				A11 /* FluxNews/NewsNavigationView.swift in Sources */,
				A12 /* FluxNews/DeveloperDiagnosticsView.swift in Sources */,
			);
			runOnlyForDeploymentPostprocessing = 0;
		};
		S2 /* Sources */ = {
			isa = PBXSourcesBuildPhase;
			buildActionMask = 2147483647;
			files = (
				A6 /* FluxNewsTests/LegacyStateDiscoveryTests.swift in Sources */,
				A13 /* FluxNewsTests/NewsreaderPresentationTests.swift in Sources */,
				A14 /* FluxNewsTests/NewsreaderD23MutationTests.swift in Sources */,
			);
			runOnlyForDeploymentPostprocessing = 0;
		};
/* End PBXSourcesBuildPhase section */

/* Begin PBXTargetDependency section */
		X2 /* PBXTargetDependency */ = {
			isa = PBXTargetDependency;
			target = T1 /* FluxNews */;
			targetProxy = X1 /* PBXContainerItemProxy */;
		};
/* End PBXTargetDependency section */

/* Begin XCBuildConfiguration section */
		C1 /* Debug */ = {
			isa = XCBuildConfiguration;
			buildSettings = {
				ARCHS = arm64;
				ASSETCATALOG_COMPILER_APPICON_NAME = AppIcon;
				CODE_SIGN_STYLE = Automatic;
				CURRENT_PROJECT_VERSION = 1;
				DEVELOPMENT_TEAM = "";
				ENABLE_TESTABILITY = YES;
				FLUX_DISPLAY_NAME = "FluxNews Dev";
				FLUX_STORAGE_NAMESPACE = FluxNewsNativeDev;
				GENERATE_INFOPLIST_FILE = NO;
				INFOPLIST_FILE = FluxNews/Info.plist;
				IPHONEOS_DEPLOYMENT_TARGET = 18.0;
				LD_RUNPATH_SEARCH_PATHS = (
					"$(inherited)",
					"@executable_path/Frameworks",
				);
				PRODUCT_BUNDLE_IDENTIFIER = dev.kevincfechtel.fluxNews.nativeDev;
				PRODUCT_NAME = FluxNews;
				SDKROOT = iphoneos;
				SWIFT_ACTIVE_COMPILATION_CONDITIONS = DEBUG;
				SWIFT_INCLUDE_PATHS = "$(SRCROOT)/../Build/Products/FluxUniFFI/FluxUniFFI.xcframework/ios-arm64/FluxUniFFI.framework/Headers";
				SWIFT_VERSION = 5.0;
				TARGETED_DEVICE_FAMILY = "1,2";
			};
			name = Debug;
		};
		C2 /* Release */ = {
			isa = XCBuildConfiguration;
			buildSettings = {
				ARCHS = arm64;
				ASSETCATALOG_COMPILER_APPICON_NAME = AppIcon;
				CODE_SIGN_STYLE = Automatic;
				CURRENT_PROJECT_VERSION = 1;
				DEVELOPMENT_TEAM = "";
				FLUX_DISPLAY_NAME = "FluxNews Dev";
				FLUX_STORAGE_NAMESPACE = FluxNewsNativeDev;
				GENERATE_INFOPLIST_FILE = NO;
				INFOPLIST_FILE = FluxNews/Info.plist;
				IPHONEOS_DEPLOYMENT_TARGET = 18.0;
				LD_RUNPATH_SEARCH_PATHS = (
					"$(inherited)",
					"@executable_path/Frameworks",
				);
				PRODUCT_BUNDLE_IDENTIFIER = dev.kevincfechtel.fluxNews.nativeDev;
				PRODUCT_NAME = FluxNews;
				SDKROOT = iphoneos;
				SWIFT_INCLUDE_PATHS = "$(SRCROOT)/../Build/Products/FluxUniFFI/FluxUniFFI.xcframework/ios-arm64/FluxUniFFI.framework/Headers";
				SWIFT_VERSION = 5.0;
				TARGETED_DEVICE_FAMILY = "1,2";
			};
			name = Release;
		};
		C3 /* Debug */ = {
			isa = XCBuildConfiguration;
			buildSettings = {
				SDKROOT = iphoneos;
			};
			name = Debug;
		};
		C4 /* Release */ = {
			isa = XCBuildConfiguration;
			buildSettings = {
				SDKROOT = iphoneos;
			};
			name = Release;
		};
		C5 /* Upgrade Test */ = {
			isa = XCBuildConfiguration;
			buildSettings = {
				ARCHS = arm64;
				ASSETCATALOG_COMPILER_APPICON_NAME = AppIcon;
				CODE_SIGN_ENTITLEMENTS = FluxNews/FluxNewsUpgradeTest.entitlements;
				CODE_SIGN_STYLE = Automatic;
				CURRENT_PROJECT_VERSION = 1;
				DEVELOPMENT_TEAM = "";
				FLUX_DISPLAY_NAME = FluxNews;
				FLUX_STORAGE_NAMESPACE = FluxNewsNativeUpgradeTest;
				GENERATE_INFOPLIST_FILE = NO;
				INFOPLIST_FILE = FluxNews/Info.plist;
				IPHONEOS_DEPLOYMENT_TARGET = 18.0;
				LD_RUNPATH_SEARCH_PATHS = (
					"$(inherited)",
					"@executable_path/Frameworks",
				);
				PRODUCT_BUNDLE_IDENTIFIER = dev.kevincfechtel.fluxNews;
				PRODUCT_NAME = FluxNews;
				SDKROOT = iphoneos;
				SWIFT_INCLUDE_PATHS = "$(SRCROOT)/../Build/Products/FluxUniFFI/FluxUniFFI.xcframework/ios-arm64/FluxUniFFI.framework/Headers";
				SWIFT_VERSION = 5.0;
				TARGETED_DEVICE_FAMILY = "1,2";
			};
			name = "Upgrade Test";
		};
		C6 /* Debug */ = {
			isa = XCBuildConfiguration;
			buildSettings = {
				ARCHS = arm64;
				BUNDLE_LOADER = "$(TEST_HOST)";
				CODE_SIGN_STYLE = Automatic;
				CURRENT_PROJECT_VERSION = 1;
				DEVELOPMENT_TEAM = "";
				GENERATE_INFOPLIST_FILE = YES;
				IPHONEOS_DEPLOYMENT_TARGET = 18.0;
				PRODUCT_BUNDLE_IDENTIFIER = dev.kevincfechtel.fluxNews.nativeDev.tests;
				PRODUCT_NAME = FluxNewsTests;
				SDKROOT = iphoneos;
				SWIFT_INCLUDE_PATHS = "$(SRCROOT)/../Build/Products/FluxUniFFI/FluxUniFFI.xcframework/ios-arm64/FluxUniFFI.framework/Headers";
				SWIFT_VERSION = 5.0;
				TEST_HOST = "$(BUILT_PRODUCTS_DIR)/FluxNews.app/FluxNews";
			};
			name = Debug;
		};
		C7 /* Upgrade Test */ = {
			isa = XCBuildConfiguration;
			buildSettings = {
				ARCHS = arm64;
				BUNDLE_LOADER = "$(TEST_HOST)";
				CODE_SIGN_STYLE = Automatic;
				CURRENT_PROJECT_VERSION = 1;
				DEVELOPMENT_TEAM = "";
				GENERATE_INFOPLIST_FILE = YES;
				IPHONEOS_DEPLOYMENT_TARGET = 18.0;
				PRODUCT_BUNDLE_IDENTIFIER = dev.kevincfechtel.fluxNews.nativeDev.tests;
				PRODUCT_NAME = FluxNewsTests;
				SDKROOT = iphoneos;
				SWIFT_INCLUDE_PATHS = "$(SRCROOT)/../Build/Products/FluxUniFFI/FluxUniFFI.xcframework/ios-arm64/FluxUniFFI.framework/Headers";
				SWIFT_VERSION = 5.0;
				TEST_HOST = "$(BUILT_PRODUCTS_DIR)/FluxNews.app/FluxNews";
			};
			name = "Upgrade Test";
		};
		E17F743430471C1C00698DA5 /* Release */ = {
			isa = XCBuildConfiguration;
			buildSettings = {
				COPY_PHASE_STRIP = YES;
				DEBUG_INFORMATION_FORMAT = "dwarf-with-dsym";
				PRODUCT_NAME = FluxNewsTests;
			};
			name = Release;
		};
/* End XCBuildConfiguration section */

/* Begin XCConfigurationList section */
		L1 /* Build configuration list for PBXNativeTarget "FluxNews" */ = {
			isa = XCConfigurationList;
			buildConfigurations = (
				C1 /* Debug */,
				C2 /* Release */,
				C5 /* Upgrade Test */,
			);
			defaultConfigurationIsVisible = 0;
			defaultConfigurationName = Release;
		};
		L2 /* Build configuration list for PBXProject "FluxNews" */ = {
			isa = XCConfigurationList;
			buildConfigurations = (
				C3 /* Debug */,
				C4 /* Release */,
			);
			defaultConfigurationIsVisible = 0;
			defaultConfigurationName = Release;
		};
		L3 /* Build configuration list for PBXNativeTarget "FluxNewsTests" */ = {
			isa = XCConfigurationList;
			buildConfigurations = (
				C6 /* Debug */,
				C7 /* Upgrade Test */,
				E17F743430471C1C00698DA5 /* Release */,
			);
			defaultConfigurationIsVisible = 0;
			defaultConfigurationName = Debug;
		};
/* End XCConfigurationList section */
	};
	rootObject = PR1 /* Project object */;
}
