// !$*UTF8*$!
{
	archiveVersion = 1;
	classes = {
	};
	objectVersion = 56;
	objects = {

/* Begin PBXBuildFile section */
		A1 /* FluxNewsApp.swift in Sources */ = {isa = PBXBuildFile; fileRef = B1 /* FluxNewsApp.swift */; };
		A2 /* CoreBootstrapper.swift in Sources */ = {isa = PBXBuildFile; fileRef = B2 /* CoreBootstrapper.swift */; };
		A3 /* ContentView.swift in Sources */ = {isa = PBXBuildFile; fileRef = B3 /* ContentView.swift */; };
		A4 /* flux_uniffi.swift in Sources */ = {isa = PBXBuildFile; fileRef = B4 /* flux_uniffi.swift */; };
/* End PBXBuildFile section */

/* Begin PBXCopyFilesBuildPhase section */
/* End PBXCopyFilesBuildPhase section */

/* Begin PBXFileReference section */
		B1 /* FluxNewsApp.swift */ = {isa = PBXFileReference; lastKnownFileType = sourcecode.swift; path = FluxNewsApp.swift; sourceTree = "<group>"; };
		B2 /* CoreBootstrapper.swift */ = {isa = PBXFileReference; lastKnownFileType = sourcecode.swift; path = CoreBootstrapper.swift; sourceTree = "<group>"; };
		B3 /* ContentView.swift */ = {isa = PBXFileReference; lastKnownFileType = sourcecode.swift; path = ContentView.swift; sourceTree = "<group>"; };
		B4 /* flux_uniffi.swift */ = {isa = PBXFileReference; lastKnownFileType = sourcecode.swift; name = flux_uniffi.swift; path = "../Build/Products/FluxUniFFI/Sources/flux_uniffi.swift"; sourceTree = "<group>"; };
		B6 /* Info.plist */ = {isa = PBXFileReference; lastKnownFileType = text.plist.xml; path = Info.plist; sourceTree = "<group>"; };
		P1 /* FluxNews.app */ = {isa = PBXFileReference; explicitFileType = wrapper.application; includeInIndex = 0; path = FluxNews.app; sourceTree = BUILT_PRODUCTS_DIR; };
/* End PBXFileReference section */

/* Begin PBXFrameworksBuildPhase section */
		F1 /* Frameworks */ = {
			isa = PBXFrameworksBuildPhase;
			buildActionMask = 2147483647;
			files = ();
			runOnlyForDeploymentPostprocessing = 0;
		};
/* End PBXFrameworksBuildPhase section */

/* Begin PBXGroup section */
		G1 = {isa = PBXGroup; children = (G2, G3, B4, ); sourceTree = "<group>"; };
		G2 = {isa = PBXGroup; children = (B1, B2, B3, ); path = FluxNews; sourceTree = "<group>"; };
		G3 = {isa = PBXGroup; children = (B6, ); path = FluxNews; sourceTree = "<group>"; };
		G4 = {isa = PBXGroup; children = (P1, ); name = Products; sourceTree = "<group>"; };
/* End PBXGroup section */

/* Begin PBXNativeTarget section */
		T1 = {
			isa = PBXNativeTarget;
			buildConfigurationList = L1;
			buildPhases = (S0, S1, F1, );
			buildRules = ();
			dependencies = ();
			name = FluxNews;
			productName = FluxNews;
			productReference = P1;
			productType = "com.apple.product-type.application";
		};
/* End PBXNativeTarget section */

/* Begin PBXProject section */
		PR1 = {
			isa = PBXProject;
			attributes = { LastUpgradeCheck = 2660; TargetAttributes = { T1 = { CreatedOnToolsVersion = 26.6; }; }; };
			buildConfigurationList = L2;
			compatibilityVersion = "Xcode 14.0";
			developmentRegion = en;
			hasScannedForEncodings = 0;
			knownRegions = (en, Base, );
			mainGroup = G1;
			productRefGroup = G4;
			projectDirPath = "";
			projectRoot = "";
			targets = (T1, );
		};
/* End PBXProject section */

/* Begin PBXSourcesBuildPhase section */
		S0 = {
			isa = PBXShellScriptBuildPhase;
			buildActionMask = 2147483647;
			files = ();
			inputPaths = (
				"$(SRCROOT)/../Build/Products/FluxUniFFI/FluxUniFFI.xcframework/Info.plist",
				"$(SRCROOT)/../Build/Products/FluxUniFFI/Sources/flux_uniffi.swift",
			);
			name = "Prepare Flux UniFFI";
			outputPaths = (
				"$(TARGET_BUILD_DIR)/$(FRAMEWORKS_FOLDER_PATH)/libflux_uniffi.dylib",
			);
			runOnlyForDeploymentPostprocessing = 0;
			shellPath = /bin/bash;
			shellScript = "set -euo pipefail\npackage=\"${SRCROOT}/../Build/Products/FluxUniFFI\"\nif [[ ! -d \"${package}/FluxUniFFI.xcframework\" ]]; then\n  bash \"${SRCROOT}/../Build/build-uniffi.sh\"\nfi\ncase \"${SDK_NAME}\" in\n  iphoneos*) library=\"${package}/FluxUniFFI.xcframework/ios-arm64/libflux_uniffi.dylib\" ;;\n  iphonesimulator*) library=\"${package}/FluxUniFFI.xcframework/ios-arm64-simulator/libflux_uniffi.dylib\" ;;\n  *) echo \"Unsupported iOS SDK: ${SDK_NAME}\" >&2; exit 1 ;;\nesac\nmkdir -p \"${TARGET_BUILD_DIR}/${FRAMEWORKS_FOLDER_PATH}\"\ncp \"${library}\" \"${TARGET_BUILD_DIR}/${FRAMEWORKS_FOLDER_PATH}/libflux_uniffi.dylib\"\n";
		};
		S1 = {isa = PBXSourcesBuildPhase; buildActionMask = 2147483647; files = (A1, A2, A3, A4, ); runOnlyForDeploymentPostprocessing = 0; };
/* End PBXSourcesBuildPhase section */

/* Begin XCBuildConfiguration section */
		C1 = {isa = XCBuildConfiguration; buildSettings = {
			ASSETCATALOG_COMPILER_APPICON_NAME = "";
			CODE_SIGN_STYLE = Automatic;
			CURRENT_PROJECT_VERSION = 1;
			DEVELOPMENT_TEAM = "";
			ARCHS = arm64;
			GENERATE_INFOPLIST_FILE = NO;
			INFOPLIST_FILE = FluxNews/Info.plist;
			IPHONEOS_DEPLOYMENT_TARGET = 17.0;
			LD_RUNPATH_SEARCH_PATHS = "$(inherited) @executable_path/Frameworks";
			"OTHER_LDFLAGS[sdk=iphoneos*]" = "$(SRCROOT)/../Build/Products/FluxUniFFI/FluxUniFFI.xcframework/ios-arm64/libflux_uniffi.dylib";
			"OTHER_LDFLAGS[sdk=iphonesimulator*]" = "$(SRCROOT)/../Build/Products/FluxUniFFI/FluxUniFFI.xcframework/ios-arm64-simulator/libflux_uniffi.dylib";
			PRODUCT_BUNDLE_IDENTIFIER = dev.kevincfechtel.fluxNews.nativeDev;
			PRODUCT_NAME = FluxNews;
			SDKROOT = iphoneos;
			SWIFT_INCLUDE_PATHS = "$(SRCROOT)/../Build/Products/FluxUniFFI/FluxUniFFI.xcframework/ios-arm64/Headers";
			SWIFT_VERSION = 5.0;
		}; name = Debug; };
		C2 = {isa = XCBuildConfiguration; buildSettings = {
			CODE_SIGN_STYLE = Automatic;
			CURRENT_PROJECT_VERSION = 1;
			DEVELOPMENT_TEAM = "";
			ARCHS = arm64;
			GENERATE_INFOPLIST_FILE = NO;
			INFOPLIST_FILE = FluxNews/Info.plist;
			IPHONEOS_DEPLOYMENT_TARGET = 17.0;
			LD_RUNPATH_SEARCH_PATHS = "$(inherited) @executable_path/Frameworks";
			"OTHER_LDFLAGS[sdk=iphoneos*]" = "$(SRCROOT)/../Build/Products/FluxUniFFI/FluxUniFFI.xcframework/ios-arm64/libflux_uniffi.dylib";
			"OTHER_LDFLAGS[sdk=iphonesimulator*]" = "$(SRCROOT)/../Build/Products/FluxUniFFI/FluxUniFFI.xcframework/ios-arm64-simulator/libflux_uniffi.dylib";
			PRODUCT_BUNDLE_IDENTIFIER = dev.kevincfechtel.fluxNews.nativeDev;
			PRODUCT_NAME = FluxNews;
			SDKROOT = iphoneos;
			SWIFT_INCLUDE_PATHS = "$(SRCROOT)/../Build/Products/FluxUniFFI/FluxUniFFI.xcframework/ios-arm64/Headers";
			SWIFT_VERSION = 5.0;
		}; name = Release; };
		C3 = {isa = XCBuildConfiguration; buildSettings = { SDKROOT = iphoneos; }; name = Debug; };
		C4 = {isa = XCBuildConfiguration; buildSettings = { SDKROOT = iphoneos; }; name = Release; };
/* End XCBuildConfiguration section */

/* Begin XCConfigurationList section */
		L1 = {isa = XCConfigurationList; buildConfigurations = (C1, C2, ); defaultConfigurationIsVisible = 0; defaultConfigurationName = Release; };
		L2 = {isa = XCConfigurationList; buildConfigurations = (C3, C4, ); defaultConfigurationIsVisible = 0; defaultConfigurationName = Release; };
/* End XCConfigurationList section */
	};
	rootObject = PR1;
}
