// !$*UTF8*$!
{ archiveVersion = 1; classes = {}; objectVersion = 56; objects = {
/* Begin PBXBuildFile section */
 A1 /* FluxBarApp.swift */ = {isa = PBXBuildFile; fileRef = B1; }; A2 /* AppDelegate.swift */ = {isa = PBXBuildFile; fileRef = B2; }; A3 /* BrowserStore.swift */ = {isa = PBXBuildFile; fileRef = B3; }; A4 /* PopoverContentView.swift */ = {isa = PBXBuildFile; fileRef = B4; }; A5 /* ScrolloverExposureTracker.swift */ = {isa = PBXBuildFile; fileRef = B5; }; A6 /* bindings */ = {isa = PBXBuildFile; fileRef = B6; }; A7 /* KeyboardCommandObserver.swift */ = {isa = PBXBuildFile; fileRef = B9; };
/* End PBXBuildFile section */
/* Begin PBXFileReference section */
 B1 = {isa = PBXFileReference; lastKnownFileType = sourcecode.swift; path = FluxBarApp.swift; sourceTree = "<group>"; }; B2 = {isa = PBXFileReference; lastKnownFileType = sourcecode.swift; path = AppDelegate.swift; sourceTree = "<group>"; }; B3 = {isa = PBXFileReference; lastKnownFileType = sourcecode.swift; path = BrowserStore.swift; sourceTree = "<group>"; }; B4 = {isa = PBXFileReference; lastKnownFileType = sourcecode.swift; path = PopoverContentView.swift; sourceTree = "<group>"; }; B5 = {isa = PBXFileReference; lastKnownFileType = sourcecode.swift; path = ScrolloverExposureTracker.swift; sourceTree = "<group>"; }; B6 = {isa = PBXFileReference; lastKnownFileType = sourcecode.swift; path = Generated/flux_uniffi.swift; sourceTree = "<group>"; }; B7 = {isa = PBXFileReference; lastKnownFileType = text.plist.xml; path = Info.plist; sourceTree = "<group>"; }; B8 = {isa = PBXFileReference; explicitFileType = wrapper.application; path = FluxBar.app; sourceTree = BUILT_PRODUCTS_DIR; }; B9 = {isa = PBXFileReference; lastKnownFileType = sourcecode.swift; path = KeyboardCommandObserver.swift; sourceTree = "<group>"; };
/* End PBXFileReference section */
/* Begin PBXGroup section */
 G0 = {isa = PBXGroup; children = (G1,G2); sourceTree = "<group>"; }; G1 = {isa = PBXGroup; children = (B1,B2,B3,B4,B5,B6,B7,B9); path = FluxBar; sourceTree = "<group>"; }; G2 = {isa = PBXGroup; children = (B8); name = Products; sourceTree = "<group>"; };
/* End PBXGroup section */
/* Begin PBXNativeTarget section */
 T0 = {isa = PBXNativeTarget; buildConfigurationList = C1; buildPhases = (P0,P1,P2,P3); buildRules = (); dependencies = (); name = FluxBar; productName = FluxBar; productReference = B8; productType = "com.apple.product-type.application"; };
/* End PBXNativeTarget section */
/* Begin PBXProject section */
 R0 = {isa = PBXProject; attributes = { LastUpgradeCheck = 1600; TargetAttributes = {T0 = {CreatedOnToolsVersion = 16.0;};}; }; buildConfigurationList = C0; compatibilityVersion = "Xcode 14.0"; developmentRegion = en; mainGroup = G0; productRefGroup = G2; projectDirPath = ""; projectRoot = ""; targets = (T0); };
/* End PBXProject section */
/* Begin PBXShellScriptBuildPhase section */
 P0 = {isa = PBXShellScriptBuildPhase; buildActionMask = 2147483647; files = (); inputPaths = (); name = "Generate UniFFI bindings"; outputPaths = ("$(SRCROOT)/FluxBar/Generated/flux_uniffi.swift"); runOnlyForDeploymentPostprocessing = 0; shellPath = /bin/zsh; shellScript = "set -euo pipefail\nzsh \"${SRCROOT}/Build/build-uniffi.sh\"\n"; };
/* End PBXShellScriptBuildPhase section */
/* Begin PBXSourcesBuildPhase section */
 P1 = {isa = PBXSourcesBuildPhase; buildActionMask = 2147483647; files = (A1,A2,A3,A4,A5,A6,A7); runOnlyForDeploymentPostprocessing = 0; };
/* End PBXSourcesBuildPhase section */
/* Begin PBXFrameworksBuildPhase section */
 P2 = {isa = PBXFrameworksBuildPhase; buildActionMask = 2147483647; files = (); runOnlyForDeploymentPostprocessing = 0; };
/* End PBXFrameworksBuildPhase section */
/* Begin PBXResourcesBuildPhase section */
 P3 = {isa = PBXResourcesBuildPhase; buildActionMask = 2147483647; files = (); runOnlyForDeploymentPostprocessing = 0; };
/* End PBXResourcesBuildPhase section */
/* Begin XCBuildConfiguration section */
 D0 = {isa = XCBuildConfiguration; buildSettings = {MACOSX_DEPLOYMENT_TARGET = 15.0; SDKROOT = macosx; SWIFT_VERSION = 5.0;}; name = Debug;}; R1 = {isa = XCBuildConfiguration; buildSettings = {MACOSX_DEPLOYMENT_TARGET = 15.0; SDKROOT = macosx; SWIFT_VERSION = 5.0;}; name = Release;}; D1 = {isa = XCBuildConfiguration; buildSettings = {CODE_SIGNING_ALLOWED = NO; GENERATE_INFOPLIST_FILE = NO; INFOPLIST_FILE = FluxBar/Info.plist; MACOSX_DEPLOYMENT_TARGET = 15.0; PRODUCT_BUNDLE_IDENTIFIER = dev.kevincfechtel.FluxBar; PRODUCT_NAME = FluxBar; SWIFT_OBJC_BRIDGING_HEADER = "FluxBar/FluxBar-Bridging-Header.h"; SWIFT_VERSION = 5.0; SWIFT_INCLUDE_PATHS = "$(SRCROOT)/FluxBar/Generated"; OTHER_LDFLAGS = ("$(SRCROOT)/../core/target/release/libflux_uniffi.dylib", "-rpath", "@executable_path/../Frameworks");}; name = Debug;}; R2 = {isa = XCBuildConfiguration; buildSettings = {CODE_SIGNING_ALLOWED = NO; GENERATE_INFOPLIST_FILE = NO; INFOPLIST_FILE = FluxBar/Info.plist; MACOSX_DEPLOYMENT_TARGET = 15.0; PRODUCT_BUNDLE_IDENTIFIER = dev.kevincfechtel.FluxBar; PRODUCT_NAME = FluxBar; SWIFT_OBJC_BRIDGING_HEADER = "FluxBar/FluxBar-Bridging-Header.h"; SWIFT_VERSION = 5.0; SWIFT_INCLUDE_PATHS = "$(SRCROOT)/FluxBar/Generated"; OTHER_LDFLAGS = ("$(SRCROOT)/../core/target/release/libflux_uniffi.dylib", "-rpath", "@executable_path/../Frameworks");}; name = Release;};
/* End XCBuildConfiguration section */
/* Begin XCConfigurationList section */
 C0 = {isa = XCConfigurationList; buildConfigurations = (D0,R1); defaultConfigurationIsVisible = 0; defaultConfigurationName = Release;}; C1 = {isa = XCConfigurationList; buildConfigurations = (D1,R2); defaultConfigurationIsVisible = 0; defaultConfigurationName = Debug;};
/* End XCConfigurationList section */
}; rootObject = R0; }
