<?xml version="1.0" encoding="UTF-8"?>
<Scheme
   LastUpgradeVersion = "2660"
   version = "1.7">
   <BuildAction
      parallelizeBuildables = "YES"
      buildImplicitDependencies = "YES">
      <BuildActionEntries>
         <BuildActionEntry
            buildForTesting = "YES"
            buildForRunning = "YES"
            buildForProfiling = "YES"
            buildForArchiving = "YES"
            buildForAnalyzing = "YES">
            <BuildableReference
               BuildableIdentifier = "primary"
               BlueprintIdentifier = "T1"
               BuildableName = "FluxNews.app"
               BlueprintName = "FluxNews"
               ReferencedContainer = "container:FluxNews.xcodeproj">
            </BuildableReference>
         </BuildActionEntry>
      </BuildActionEntries>
   </BuildAction>
   <RunAction
      buildConfiguration = "Debug"
      selectedDebuggerIdentifier = "Xcode.DebuggerFoundation.Debugger.LLDB"
      selectedLauncherIdentifier = "Xcode.DebuggerFoundation.Launcher.LLDB"
      launchStyle = "0"
      useCustomWorkingDirectory = "NO"
      ignoresPersistentStateOnLaunch = "NO"
      debugDocumentVersioning = "YES"
      debugServiceExtension = "internal">
      <EnvironmentVariables>
         <EnvironmentVariable
            key = "FLUX_DEV_BASE_URL"
            value = "https://example.com"
            isEnabled = "YES" />
         <EnvironmentVariable
            key = "FLUX_DEV_API_KEY"
            value = "development-placeholder"
            isEnabled = "YES" />
      </EnvironmentVariables>
      <BuildableProductRunnable
         runnableDebuggingMode = "0">
         <BuildableReference
            BuildableIdentifier = "primary"
            BlueprintIdentifier = "T1"
            BuildableName = "FluxNews.app"
            BlueprintName = "FluxNews"
            ReferencedContainer = "container:FluxNews.xcodeproj">
         </BuildableReference>
      </BuildableProductRunnable>
   </RunAction>
    <TestAction buildConfiguration = "Debug" selectedDebuggerIdentifier = "Xcode.DebuggerFoundation.Debugger.LLDB" selectedLauncherIdentifier = "Xcode.DebuggerFoundation.Launcher.LLDB" shouldUseLaunchSchemeArgsEnv = "YES">
       <Testables>
          <TestableReference skipped = "NO">
             <BuildableReference BuildableIdentifier = "primary" BlueprintIdentifier = "T2" BuildableName = "FluxNewsTests.xctest" BlueprintName = "FluxNewsTests" ReferencedContainer = "container:FluxNews.xcodeproj" />
          </TestableReference>
       </Testables>
    </TestAction>
   <ProfileAction buildConfiguration = "Release" shouldUseLaunchSchemeArgsEnv = "YES" savedToolIdentifier = "" />
   <AnalyzeAction buildConfiguration = "Debug" />
   <ArchiveAction buildConfiguration = "Release" revealArchiveInOrganizer = "YES" />
</Scheme>
